
Microsoft Visual Studio Solution File, Format Version 12.00
# Visual Studio Version 17
VisualStudioVersion = 17.9.34728.123
MinimumVisualStudioVersion = 10.0.40219.1
Project("{8BC9CEB8-8B4A-11D0-8D11-00A0C91BC942}") = "Program", "Program.vcxproj", "{048AD913-E61D-467C-A96E-DE3BF0ADA17D}"
EndProject
Project("{8BC9CEB8-8B4A-11D0-8D11-00A0C91BC942}") = "Class1th (Stream)", "..\Class1th (Stream)\Class1th (Stream).vcxproj", "{0B639D58-7687-4E27-A96E-137AD536BD8D}"
EndProject
Project("{8BC9CEB8-8B4A-11D0-8D11-00A0C91BC942}") = "Class2th (Class)", "..\Class2th (Class)\Class2th (Class).vcxproj", "{78284D3F-3E60-415A-B6D7-D61D5AE6D022}"
EndProject
Project("{8BC9CEB8-8B4A-11D0-8D11-00A0C91BC942}") = "Class3th (Constructor & Destructor)", "..\Class3th (Constructor & Destructor)\Class3th (Constructor & Destructor).vcxproj", "{9B784C50-3EB9-4A7C-8C57-4EF3073B06E9}"
EndProject
Project("{8BC9CEB8-8B4A-11D0-8D11-00A0C91BC942}") = "Class4th (Inheritence)", "..\Class4th (Inheritence)\Class4th (Inheritence).vcxproj", "{4352DB7D-77B1-4BF3-A3D7-9880E3AD4A35}"
EndProject
Project("{8BC9CEB8-8B4A-11D0-8D11-00A0C91BC942}") = "Class5th (Polymorphism)", "..\Class5th (Polymorphism)\Class5th (Polymorphism).vcxproj", "{4CDADFC0-5210-47B8-991E-E8DB529F5444}"
EndProject
Project("{8BC9CEB8-8B4A-11D0-8D11-00A0C91BC942}") = "Class6th (Fure Virtual Function)", "..\Class6th (Fure Virtual Function)\Class6th (Fure Virtual Function).vcxproj", "{556369B0-5B74-4CA7-8B12-9748E801EAAC}"
EndProject
Project("{8BC9CEB8-8B4A-11D0-8D11-00A0C91BC942}") = "Class7th (Multiple inherience)", "..\Class7th (Multiple inherience)\Class7th (Multiple inherience).vcxproj", "{0924CDA1-16E6-4486-9A5B-43CA5679A664}"
EndProject
Project("{8BC9CEB8-8B4A-11D0-8D11-00A0C91BC942}") = "Class8th (Object Slice)", "..\Class8th (Object Slice)\Class8th (Object Slice).vcxproj", "{34028A6E-11F8-4257-BC22-5317C802862C}"
EndProject
Project("{8BC9CEB8-8B4A-11D0-8D11-00A0C91BC942}") = "Class9th (Operator Overloading)", "..\Class9th (Operator Overloading)\Class9th (Operator Overloading).vcxproj", "{FF642064-1D41-42A2-B438-740BBEADBF55}"
EndProject
Project("{8BC9CEB8-8B4A-11D0-8D11-00A0C91BC942}") = "Class10th (Friend)", "..\Class10th (Friend)\Class10th (Friend).vcxproj", "{A70F62C2-C564-4435-8429-FBFF1ECA6404}"
EndProject
Global
	GlobalSection(SolutionConfigurationPlatforms) = preSolution
		Debug|x64 = Debug|x64
		Debug|x86 = Debug|x86
		Release|x64 = Release|x64
		Release|x86 = Release|x86
	EndGlobalSection
	GlobalSection(ProjectConfigurationPlatforms) = postSolution
		{048AD913-E61D-467C-A96E-DE3BF0ADA17D}.Debug|x64.ActiveCfg = Debug|x64
		{048AD913-E61D-467C-A96E-DE3BF0ADA17D}.Debug|x64.Build.0 = Debug|x64
		{048AD913-E61D-467C-A96E-DE3BF0ADA17D}.Debug|x86.ActiveCfg = Debug|Win32
		{048AD913-E61D-467C-A96E-DE3BF0ADA17D}.Debug|x86.Build.0 = Debug|Win32
		{048AD913-E61D-467C-A96E-DE3BF0ADA17D}.Release|x64.ActiveCfg = Release|x64
		{048AD913-E61D-467C-A96E-DE3BF0ADA17D}.Release|x64.Build.0 = Release|x64
		{048AD913-E61D-467C-A96E-DE3BF0ADA17D}.Release|x86.ActiveCfg = Release|Win32
		{048AD913-E61D-467C-A96E-DE3BF0ADA17D}.Release|x86.Build.0 = Release|Win32
		{0B639D58-7687-4E27-A96E-137AD536BD8D}.Debug|x64.ActiveCfg = Debug|x64
		{0B639D58-7687-4E27-A96E-137AD536BD8D}.Debug|x64.Build.0 = Debug|x64
		{0B639D58-7687-4E27-A96E-137AD536BD8D}.Debug|x86.ActiveCfg = Debug|Win32
		{0B639D58-7687-4E27-A96E-137AD536BD8D}.Debug|x86.Build.0 = Debug|Win32
		{0B639D58-7687-4E27-A96E-137AD536BD8D}.Release|x64.ActiveCfg = Release|x64
		{0B639D58-7687-4E27-A96E-137AD536BD8D}.Release|x64.Build.0 = Release|x64
		{0B639D58-7687-4E27-A96E-137AD536BD8D}.Release|x86.ActiveCfg = Release|Win32
		{0B639D58-7687-4E27-A96E-137AD536BD8D}.Release|x86.Build.0 = Release|Win32
		{78284D3F-3E60-415A-B6D7-D61D5AE6D022}.Debug|x64.ActiveCfg = Debug|x64
		{78284D3F-3E60-415A-B6D7-D61D5AE6D022}.Debug|x64.Build.0 = Debug|x64
		{78284D3F-3E60-415A-B6D7-D61D5AE6D022}.Debug|x86.ActiveCfg = Debug|Win32
		{78284D3F-3E60-415A-B6D7-D61D5AE6D022}.Debug|x86.Build.0 = Debug|Win32
		{78284D3F-3E60-415A-B6D7-D61D5AE6D022}.Release|x64.ActiveCfg = Release|x64
		{78284D3F-3E60-415A-B6D7-D61D5AE6D022}.Release|x64.Build.0 = Release|x64
		{78284D3F-3E60-415A-B6D7-D61D5AE6D022}.Release|x86.ActiveCfg = Release|Win32
		{78284D3F-3E60-415A-B6D7-D61D5AE6D022}.Release|x86.Build.0 = Release|Win32
		{9B784C50-3EB9-4A7C-8C57-4EF3073B06E9}.Debug|x64.ActiveCfg = Debug|x64
		{9B784C50-3EB9-4A7C-8C57-4EF3073B06E9}.Debug|x64.Build.0 = Debug|x64
		{9B784C50-3EB9-4A7C-8C57-4EF3073B06E9}.Debug|x86.ActiveCfg = Debug|Win32
		{9B784C50-3EB9-4A7C-8C57-4EF3073B06E9}.Debug|x86.Build.0 = Debug|Win32
		{9B784C50-3EB9-4A7C-8C57-4EF3073B06E9}.Release|x64.ActiveCfg = Release|x64
		{9B784C50-3EB9-4A7C-8C57-4EF3073B06E9}.Release|x64.Build.0 = Release|x64
		{9B784C50-3EB9-4A7C-8C57-4EF3073B06E9}.Release|x86.ActiveCfg = Release|Win32
		{9B784C50-3EB9-4A7C-8C57-4EF3073B06E9}.Release|x86.Build.0 = Release|Win32
		{4352DB7D-77B1-4BF3-A3D7-9880E3AD4A35}.Debug|x64.ActiveCfg = Debug|x64
		{4352DB7D-77B1-4BF3-A3D7-9880E3AD4A35}.Debug|x64.Build.0 = Debug|x64
		{4352DB7D-77B1-4BF3-A3D7-9880E3AD4A35}.Debug|x86.ActiveCfg = Debug|Win32
		{4352DB7D-77B1-4BF3-A3D7-9880E3AD4A35}.Debug|x86.Build.0 = Debug|Win32
		{4352DB7D-77B1-4BF3-A3D7-9880E3AD4A35}.Release|x64.ActiveCfg = Release|x64
		{4352DB7D-77B1-4BF3-A3D7-9880E3AD4A35}.Release|x64.Build.0 = Release|x64
		{4352DB7D-77B1-4BF3-A3D7-9880E3AD4A35}.Release|x86.ActiveCfg = Release|Win32
		{4352DB7D-77B1-4BF3-A3D7-9880E3AD4A35}.Release|x86.Build.0 = Release|Win32
		{4CDADFC0-5210-47B8-991E-E8DB529F5444}.Debug|x64.ActiveCfg = Debug|x64
		{4CDADFC0-5210-47B8-991E-E8DB529F5444}.Debug|x64.Build.0 = Debug|x64
		{4CDADFC0-5210-47B8-991E-E8DB529F5444}.Debug|x86.ActiveCfg = Debug|Win32
		{4CDADFC0-5210-47B8-991E-E8DB529F5444}.Debug|x86.Build.0 = Debug|Win32
		{4CDADFC0-5210-47B8-991E-E8DB529F5444}.Release|x64.ActiveCfg = Release|x64
		{4CDADFC0-5210-47B8-991E-E8DB529F5444}.Release|x64.Build.0 = Release|x64
		{4CDADFC0-5210-47B8-991E-E8DB529F5444}.Release|x86.ActiveCfg = Release|Win32
		{4CDADFC0-5210-47B8-991E-E8DB529F5444}.Release|x86.Build.0 = Release|Win32
		{556369B0-5B74-4CA7-8B12-9748E801EAAC}.Debug|x64.ActiveCfg = Debug|x64
		{556369B0-5B74-4CA7-8B12-9748E801EAAC}.Debug|x64.Build.0 = Debug|x64
		{556369B0-5B74-4CA7-8B12-9748E801EAAC}.Debug|x86.ActiveCfg = Debug|Win32
		{556369B0-5B74-4CA7-8B12-9748E801EAAC}.Debug|x86.Build.0 = Debug|Win32
		{556369B0-5B74-4CA7-8B12-9748E801EAAC}.Release|x64.ActiveCfg = Release|x64
		{556369B0-5B74-4CA7-8B12-9748E801EAAC}.Release|x64.Build.0 = Release|x64
		{556369B0-5B74-4CA7-8B12-9748E801EAAC}.Release|x86.ActiveCfg = Release|Win32
		{556369B0-5B74-4CA7-8B12-9748E801EAAC}.Release|x86.Build.0 = Release|Win32
		{0924CDA1-16E6-4486-9A5B-43CA5679A664}.Debug|x64.ActiveCfg = Debug|x64
		{0924CDA1-16E6-4486-9A5B-43CA5679A664}.Debug|x64.Build.0 = Debug|x64
		{0924CDA1-16E6-4486-9A5B-43CA5679A664}.Debug|x86.ActiveCfg = Debug|Win32
		{0924CDA1-16E6-4486-9A5B-43CA5679A664}.Debug|x86.Build.0 = Debug|Win32
		{0924CDA1-16E6-4486-9A5B-43CA5679A664}.Release|x64.ActiveCfg = Release|x64
		{0924CDA1-16E6-4486-9A5B-43CA5679A664}.Release|x64.Build.0 = Release|x64
		{0924CDA1-16E6-4486-9A5B-43CA5679A664}.Release|x86.ActiveCfg = Release|Win32
		{0924CDA1-16E6-4486-9A5B-43CA5679A664}.Release|x86.Build.0 = Release|Win32
		{34028A6E-11F8-4257-BC22-5317C802862C}.Debug|x64.ActiveCfg = Debug|x64
		{34028A6E-11F8-4257-BC22-5317C802862C}.Debug|x64.Build.0 = Debug|x64
		{34028A6E-11F8-4257-BC22-5317C802862C}.Debug|x86.ActiveCfg = Debug|Win32
		{34028A6E-11F8-4257-BC22-5317C802862C}.Debug|x86.Build.0 = Debug|Win32
		{34028A6E-11F8-4257-BC22-5317C802862C}.Release|x64.ActiveCfg = Release|x64
		{34028A6E-11F8-4257-BC22-5317C802862C}.Release|x64.Build.0 = Release|x64
		{34028A6E-11F8-4257-BC22-5317C802862C}.Release|x86.ActiveCfg = Release|Win32
		{34028A6E-11F8-4257-BC22-5317C802862C}.Release|x86.Build.0 = Release|Win32
		{FF642064-1D41-42A2-B438-740BBEADBF55}.Debug|x64.ActiveCfg = Debug|x64
		{FF642064-1D41-42A2-B438-740BBEADBF55}.Debug|x64.Build.0 = Debug|x64
		{FF642064-1D41-42A2-B438-740BBEADBF55}.Debug|x86.ActiveCfg = Debug|Win32
		{FF642064-1D41-42A2-B438-740BBEADBF55}.Debug|x86.Build.0 = Debug|Win32
		{FF642064-1D41-42A2-B438-740BBEADBF55}.Release|x64.ActiveCfg = Release|x64
		{FF642064-1D41-42A2-B438-740BBEADBF55}.Release|x64.Build.0 = Release|x64
		{FF642064-1D41-42A2-B438-740BBEADBF55}.Release|x86.ActiveCfg = Release|Win32
		{FF642064-1D41-42A2-B438-740BBEADBF55}.Release|x86.Build.0 = Release|Win32
		{A70F62C2-C564-4435-8429-FBFF1ECA6404}.Debug|x64.ActiveCfg = Debug|x64
		{A70F62C2-C564-4435-8429-FBFF1ECA6404}.Debug|x64.Build.0 = Debug|x64
		{A70F62C2-C564-4435-8429-FBFF1ECA6404}.Debug|x86.ActiveCfg = Debug|Win32
		{A70F62C2-C564-4435-8429-FBFF1ECA6404}.Debug|x86.Build.0 = Debug|Win32
		{A70F62C2-C564-4435-8429-FBFF1ECA6404}.Release|x64.ActiveCfg = Release|x64
		{A70F62C2-C564-4435-8429-FBFF1ECA6404}.Release|x64.Build.0 = Release|x64
		{A70F62C2-C564-4435-8429-FBFF1ECA6404}.Release|x86.ActiveCfg = Release|Win32
		{A70F62C2-C564-4435-8429-FBFF1ECA6404}.Release|x86.Build.0 = Release|Win32
	EndGlobalSection
	GlobalSection(SolutionProperties) = preSolution
		HideSolutionNode = FALSE
	EndGlobalSection
	GlobalSection(ExtensibilityGlobals) = postSolution
		SolutionGuid = {3CB6E866-CBE8-4DFC-B18F-48229E460553}
	EndGlobalSection
EndGlobal
